// !$*UTF8*$!
{
	archiveVersion = 1;
	classes = {
	};
	objectVersion = 46;
	objects = {

/* Begin PBXBuildFile section */
		2306D0E01F4D603D0018057E /* AppDelegate.swift in Sources */ = {isa = PBXBuildFile; fileRef = 2306D0DF1F4D603D0018057E /* AppDelegate.swift */; };
		2306D0E21F4D603D0018057E /* ViewController.swift in Sources */ = {isa = PBXBuildFile; fileRef = 2306D0E11F4D603D0018057E /* ViewController.swift */; };
		2306D0E51F4D603D0018057E /* Main.storyboard in Resources */ = {isa = PBXBuildFile; fileRef = 2306D0E31F4D603D0018057E /* Main.storyboard */; };
		2306D0E71F4D603D0018057E /* Assets.xcassets in Resources */ = {isa = PBXBuildFile; fileRef = 2306D0E61F4D603D0018057E /* Assets.xcassets */; };
		2306D0EA1F4D603D0018057E /* LaunchScreen.storyboard in Resources */ = {isa = PBXBuildFile; fileRef = 2306D0E81F4D603D0018057E /* LaunchScreen.storyboard */; };
		2306D0F51F4D603D0018057E /* ShareExtensionsTests.swift in Sources */ = {isa = PBXBuildFile; fileRef = 2306D0F41F4D603D0018057E /* ShareExtensionsTests.swift */; };
		2306D1001F4D603D0018057E /* ShareExtensionsUITests.swift in Sources */ = {isa = PBXBuildFile; fileRef = 2306D0FF1F4D603D0018057E /* ShareExtensionsUITests.swift */; };
		2306D10F1F4D60CA0018057E /* ShowImageViewController.swift in Sources */ = {isa = PBXBuildFile; fileRef = 2306D10E1F4D60CA0018057E /* ShowImageViewController.swift */; };
		2306D1141F4DA5F60018057E /* ShowUrlViewController.swift in Sources */ = {isa = PBXBuildFile; fileRef = 2306D1131F4DA5F60018057E /* ShowUrlViewController.swift */; };
		2306D11C1F4DA8280018057E /* ShareViewController.swift in Sources */ = {isa = PBXBuildFile; fileRef = 2306D11B1F4DA8280018057E /* ShareViewController.swift */; };
		2306D11F1F4DA8280018057E /* MainInterface.storyboard in Resources */ = {isa = PBXBuildFile; fileRef = 2306D11D1F4DA8280018057E /* MainInterface.storyboard */; };
		2306D1231F4DA8280018057E /* Share.appex in Embed App Extensions */ = {isa = PBXBuildFile; fileRef = 2306D1191F4DA8270018057E /* Share.appex */; settings = {ATTRIBUTES = (RemoveHeadersOnCopy, ); }; };
		2306D12C1F4EE4530018057E /* MainTableViewController.swift in Sources */ = {isa = PBXBuildFile; fileRef = 2306D12B1F4EE4530018057E /* MainTableViewController.swift */; };
/* End PBXBuildFile section */

/* Begin PBXContainerItemProxy section */
		2306D0F11F4D603D0018057E /* PBXContainerItemProxy */ = {
			isa = PBXContainerItemProxy;
			containerPortal = 2306D0D41F4D603D0018057E /* Project object */;
			proxyType = 1;
			remoteGlobalIDString = 2306D0DB1F4D603D0018057E;
			remoteInfo = ShareExtensions;
		};
		2306D0FC1F4D603D0018057E /* PBXContainerItemProxy */ = {
			isa = PBXContainerItemProxy;
			containerPortal = 2306D0D41F4D603D0018057E /* Project object */;
			proxyType = 1;
			remoteGlobalIDString = 2306D0DB1F4D603D0018057E;
			remoteInfo = ShareExtensions;
		};
		2306D1211F4DA8280018057E /* PBXContainerItemProxy */ = {
			isa = PBXContainerItemProxy;
			containerPortal = 2306D0D41F4D603D0018057E /* Project object */;
			proxyType = 1;
			remoteGlobalIDString = 2306D1181F4DA8270018057E;
			remoteInfo = Share;
		};
/* End PBXContainerItemProxy section */

/* Begin PBXCopyFilesBuildPhase section */
		2306D1271F4DA8280018057E /* Embed App Extensions */ = {
			isa = PBXCopyFilesBuildPhase;
			buildActionMask = 2147483647;
			dstPath = "";
			dstSubfolderSpec = 13;
			files = (
				2306D1231F4DA8280018057E /* Share.appex in Embed App Extensions */,
			);
			name = "Embed App Extensions";
			runOnlyForDeploymentPostprocessing = 0;
		};
/* End PBXCopyFilesBuildPhase section */

/* Begin PBXFileReference section */
		2306D0DC1F4D603D0018057E /* ShareExtensions.app */ = {isa = PBXFileReference; explicitFileType = wrapper.application; includeInIndex = 0; path = ShareExtensions.app; sourceTree = BUILT_PRODUCTS_DIR; };
		2306D0DF1F4D603D0018057E /* AppDelegate.swift */ = {isa = PBXFileReference; lastKnownFileType = sourcecode.swift; path = AppDelegate.swift; sourceTree = "<group>"; };
		2306D0E11F4D603D0018057E /* ViewController.swift */ = {isa = PBXFileReference; lastKnownFileType = sourcecode.swift; path = ViewController.swift; sourceTree = "<group>"; };
		2306D0E41F4D603D0018057E /* Base */ = {isa = PBXFileReference; lastKnownFileType = file.storyboard; name = Base; path = Base.lproj/Main.storyboard; sourceTree = "<group>"; };
		2306D0E61F4D603D0018057E /* Assets.xcassets */ = {isa = PBXFileReference; lastKnownFileType = folder.assetcatalog; path = Assets.xcassets; sourceTree = "<group>"; };
		2306D0E91F4D603D0018057E /* Base */ = {isa = PBXFileReference; lastKnownFileType = file.storyboard; name = Base; path = Base.lproj/LaunchScreen.storyboard; sourceTree = "<group>"; };
		2306D0EB1F4D603D0018057E /* Info.plist */ = {isa = PBXFileReference; lastKnownFileType = text.plist.xml; path = Info.plist; sourceTree = "<group>"; };
		2306D0F01F4D603D0018057E /* ShareExtensionsTests.xctest */ = {isa = PBXFileReference; explicitFileType = wrapper.cfbundle; includeInIndex = 0; path = ShareExtensionsTests.xctest; sourceTree = BUILT_PRODUCTS_DIR; };
		2306D0F41F4D603D0018057E /* ShareExtensionsTests.swift */ = {isa = PBXFileReference; lastKnownFileType = sourcecode.swift; path = ShareExtensionsTests.swift; sourceTree = "<group>"; };
		2306D0F61F4D603D0018057E /* Info.plist */ = {isa = PBXFileReference; lastKnownFileType = text.plist.xml; path = Info.plist; sourceTree = "<group>"; };
		2306D0FB1F4D603D0018057E /* ShareExtensionsUITests.xctest */ = {isa = PBXFileReference; explicitFileType = wrapper.cfbundle; includeInIndex = 0; path = ShareExtensionsUITests.xctest; sourceTree = BUILT_PRODUCTS_DIR; };
		2306D0FF1F4D603D0018057E /* ShareExtensionsUITests.swift */ = {isa = PBXFileReference; lastKnownFileType = sourcecode.swift; path = ShareExtensionsUITests.swift; sourceTree = "<group>"; };
		2306D1011F4D603D0018057E /* Info.plist */ = {isa = PBXFileReference; lastKnownFileType = text.plist.xml; path = Info.plist; sourceTree = "<group>"; };
		2306D10E1F4D60CA0018057E /* ShowImageViewController.swift */ = {isa = PBXFileReference; fileEncoding = 4; lastKnownFileType = sourcecode.swift; path = ShowImageViewController.swift; sourceTree = "<group>"; };
		2306D1131F4DA5F60018057E /* ShowUrlViewController.swift */ = {isa = PBXFileReference; fileEncoding = 4; lastKnownFileType = sourcecode.swift; path = ShowUrlViewController.swift; sourceTree = "<group>"; };
		2306D1191F4DA8270018057E /* Share.appex */ = {isa = PBXFileReference; explicitFileType = "wrapper.app-extension"; includeInIndex = 0; path = Share.appex; sourceTree = BUILT_PRODUCTS_DIR; };
		2306D11B1F4DA8280018057E /* ShareViewController.swift */ = {isa = PBXFileReference; lastKnownFileType = sourcecode.swift; path = ShareViewController.swift; sourceTree = "<group>"; };
		2306D11E1F4DA8280018057E /* Base */ = {isa = PBXFileReference; lastKnownFileType = file.storyboard; name = Base; path = Base.lproj/MainInterface.storyboard; sourceTree = "<group>"; };
		2306D1201F4DA8280018057E /* Info.plist */ = {isa = PBXFileReference; lastKnownFileType = text.plist.xml; path = Info.plist; sourceTree = "<group>"; };
		2306D1281F4DAB7B0018057E /* Share.entitlements */ = {isa = PBXFileReference; lastKnownFileType = text.plist.entitlements; path = Share.entitlements; sourceTree = "<group>"; };
		2306D1291F4DAB990018057E /* ShareExtensions.entitlements */ = {isa = PBXFileReference; lastKnownFileType = text.plist.entitlements; path = ShareExtensions.entitlements; sourceTree = "<group>"; };
		2306D12B1F4EE4530018057E /* MainTableViewController.swift */ = {isa = PBXFileReference; fileEncoding = 4; lastKnownFileType = sourcecode.swift; path = MainTableViewController.swift; sourceTree = "<group>"; };
/* End PBXFileReference section */

/* Begin PBXFrameworksBuildPhase section */
		2306D0D91F4D603D0018057E /* Frameworks */ = {
			isa = PBXFrameworksBuildPhase;
			buildActionMask = 2147483647;
			files = (
			);
			runOnlyForDeploymentPostprocessing = 0;
		};
		2306D0ED1F4D603D0018057E /* Frameworks */ = {
			isa = PBXFrameworksBuildPhase;
			buildActionMask = 2147483647;
			files = (
			);
			runOnlyForDeploymentPostprocessing = 0;
		};
		2306D0F81F4D603D0018057E /* Frameworks */ = {
			isa = PBXFrameworksBuildPhase;
			buildActionMask = 2147483647;
			files = (
			);
			runOnlyForDeploymentPostprocessing = 0;
		};
		2306D1161F4DA8270018057E /* Frameworks */ = {
			isa = PBXFrameworksBuildPhase;
			buildActionMask = 2147483647;
			files = (
			);
			runOnlyForDeploymentPostprocessing = 0;
		};
/* End PBXFrameworksBuildPhase section */

/* Begin PBXGroup section */
		2306D0D31F4D603D0018057E = {
			isa = PBXGroup;
			children = (
				2306D0DE1F4D603D0018057E /* ShareExtensions */,
				2306D11A1F4DA8280018057E /* Share */,
				2306D0F31F4D603D0018057E /* ShareExtensionsTests */,
				2306D0FE1F4D603D0018057E /* ShareExtensionsUITests */,
				2306D0DD1F4D603D0018057E /* Products */,
			);
			sourceTree = "<group>";
		};
		2306D0DD1F4D603D0018057E /* Products */ = {
			isa = PBXGroup;
			children = (
				2306D0DC1F4D603D0018057E /* ShareExtensions.app */,
				2306D0F01F4D603D0018057E /* ShareExtensionsTests.xctest */,
				2306D0FB1F4D603D0018057E /* ShareExtensionsUITests.xctest */,
				2306D1191F4DA8270018057E /* Share.appex */,
			);
			name = Products;
			sourceTree = "<group>";
		};
		2306D0DE1F4D603D0018057E /* ShareExtensions */ = {
			isa = PBXGroup;
			children = (
				2306D1291F4DAB990018057E /* ShareExtensions.entitlements */,
				2306D12A1F4EE43C0018057E /* Main */,
				2306D10D1F4D60B40018057E /* ShowImage */,
				2306D1121F4DA5E60018057E /* ShowUrl */,
				2306D0DF1F4D603D0018057E /* AppDelegate.swift */,
				2306D0E11F4D603D0018057E /* ViewController.swift */,
				2306D0E31F4D603D0018057E /* Main.storyboard */,
				2306D0E61F4D603D0018057E /* Assets.xcassets */,
				2306D0E81F4D603D0018057E /* LaunchScreen.storyboard */,
				2306D0EB1F4D603D0018057E /* Info.plist */,
			);
			path = ShareExtensions;
			sourceTree = "<group>";
		};
		2306D0F31F4D603D0018057E /* ShareExtensionsTests */ = {
			isa = PBXGroup;
			children = (
				2306D0F41F4D603D0018057E /* ShareExtensionsTests.swift */,
				2306D0F61F4D603D0018057E /* Info.plist */,
			);
			path = ShareExtensionsTests;
			sourceTree = "<group>";
		};
		2306D0FE1F4D603D0018057E /* ShareExtensionsUITests */ = {
			isa = PBXGroup;
			children = (
				2306D0FF1F4D603D0018057E /* ShareExtensionsUITests.swift */,
				2306D1011F4D603D0018057E /* Info.plist */,
			);
			path = ShareExtensionsUITests;
			sourceTree = "<group>";
		};
		2306D10D1F4D60B40018057E /* ShowImage */ = {
			isa = PBXGroup;
			children = (
				2306D10E1F4D60CA0018057E /* ShowImageViewController.swift */,
			);
			path = ShowImage;
			sourceTree = "<group>";
		};
		2306D1121F4DA5E60018057E /* ShowUrl */ = {
			isa = PBXGroup;
			children = (
				2306D1131F4DA5F60018057E /* ShowUrlViewController.swift */,
			);
			path = ShowUrl;
			sourceTree = "<group>";
		};
		2306D11A1F4DA8280018057E /* Share */ = {
			isa = PBXGroup;
			children = (
				2306D1281F4DAB7B0018057E /* Share.entitlements */,
				2306D11B1F4DA8280018057E /* ShareViewController.swift */,
				2306D11D1F4DA8280018057E /* MainInterface.storyboard */,
				2306D1201F4DA8280018057E /* Info.plist */,
			);
			path = Share;
			sourceTree = "<group>";
		};
		2306D12A1F4EE43C0018057E /* Main */ = {
			isa = PBXGroup;
			children = (
				2306D12B1F4EE4530018057E /* MainTableViewController.swift */,
			);
			path = Main;
			sourceTree = "<group>";
		};
/* End PBXGroup section */

/* Begin PBXNativeTarget section */
		2306D0DB1F4D603D0018057E /* ShareExtensions */ = {
			isa = PBXNativeTarget;
			buildConfigurationList = 2306D1041F4D603D0018057E /* Build configuration list for PBXNativeTarget "ShareExtensions" */;
			buildPhases = (
				2306D0D81F4D603D0018057E /* Sources */,
				2306D0D91F4D603D0018057E /* Frameworks */,
				2306D0DA1F4D603D0018057E /* Resources */,
				2306D1271F4DA8280018057E /* Embed App Extensions */,
			);
			buildRules = (
			);
			dependencies = (
				2306D1221F4DA8280018057E /* PBXTargetDependency */,
			);
			name = ShareExtensions;
			productName = ShareExtensions;
			productReference = 2306D0DC1F4D603D0018057E /* ShareExtensions.app */;
			productType = "com.apple.product-type.application";
		};
		2306D0EF1F4D603D0018057E /* ShareExtensionsTests */ = {
			isa = PBXNativeTarget;
			buildConfigurationList = 2306D1071F4D603D0018057E /* Build configuration list for PBXNativeTarget "ShareExtensionsTests" */;
			buildPhases = (
				2306D0EC1F4D603D0018057E /* Sources */,
				2306D0ED1F4D603D0018057E /* Frameworks */,
				2306D0EE1F4D603D0018057E /* Resources */,
			);
			buildRules = (
			);
			dependencies = (
				2306D0F21F4D603D0018057E /* PBXTargetDependency */,
			);
			name = ShareExtensionsTests;
			productName = ShareExtensionsTests;
			productReference = 2306D0F01F4D603D0018057E /* ShareExtensionsTests.xctest */;
			productType = "com.apple.product-type.bundle.unit-test";
		};
		2306D0FA1F4D603D0018057E /* ShareExtensionsUITests */ = {
			isa = PBXNativeTarget;
			buildConfigurationList = 2306D10A1F4D603D0018057E /* Build configuration list for PBXNativeTarget "ShareExtensionsUITests" */;
			buildPhases = (
				2306D0F71F4D603D0018057E /* Sources */,
				2306D0F81F4D603D0018057E /* Frameworks */,
				2306D0F91F4D603D0018057E /* Resources */,
			);
			buildRules = (
			);
			dependencies = (
				2306D0FD1F4D603D0018057E /* PBXTargetDependency */,
			);
			name = ShareExtensionsUITests;
			productName = ShareExtensionsUITests;
			productReference = 2306D0FB1F4D603D0018057E /* ShareExtensionsUITests.xctest */;
			productType = "com.apple.product-type.bundle.ui-testing";
		};
		2306D1181F4DA8270018057E /* Share */ = {
			isa = PBXNativeTarget;
			buildConfigurationList = 2306D1241F4DA8280018057E /* Build configuration list for PBXNativeTarget "Share" */;
			buildPhases = (
				2306D1151F4DA8270018057E /* Sources */,
				2306D1161F4DA8270018057E /* Frameworks */,
				2306D1171F4DA8270018057E /* Resources */,
			);
			buildRules = (
			);
			dependencies = (
			);
			name = Share;
			productName = Share;
			productReference = 2306D1191F4DA8270018057E /* Share.appex */;
			productType = "com.apple.product-type.app-extension";
		};
/* End PBXNativeTarget section */

/* Begin PBXProject section */
		2306D0D41F4D603D0018057E /* Project object */ = {
			isa = PBXProject;
			attributes = {
				LastSwiftUpdateCheck = 0830;
				LastUpgradeCheck = 0830;
				ORGANIZATIONNAME = libowen;
				TargetAttributes = {
					2306D0DB1F4D603D0018057E = {
						CreatedOnToolsVersion = 8.3.2;
						DevelopmentTeam = KM6P947ZT3;
						ProvisioningStyle = Automatic;
						SystemCapabilities = {
							com.apple.ApplicationGroups.iOS = {
								enabled = 1;
							};
						};
					};
					2306D0EF1F4D603D0018057E = {
						CreatedOnToolsVersion = 8.3.2;
						DevelopmentTeam = KM6P947ZT3;
						ProvisioningStyle = Automatic;
						TestTargetID = 2306D0DB1F4D603D0018057E;
					};
					2306D0FA1F4D603D0018057E = {
						CreatedOnToolsVersion = 8.3.2;
						DevelopmentTeam = KM6P947ZT3;
						ProvisioningStyle = Automatic;
						TestTargetID = 2306D0DB1F4D603D0018057E;
					};
					2306D1181F4DA8270018057E = {
						CreatedOnToolsVersion = 8.3.2;
						DevelopmentTeam = KM6P947ZT3;
						ProvisioningStyle = Automatic;
						SystemCapabilities = {
							com.apple.ApplicationGroups.iOS = {
								enabled = 1;
							};
						};
					};
				};
			};
			buildConfigurationList = 2306D0D71F4D603D0018057E /* Build configuration list for PBXProject "ShareExtensions" */;
			compatibilityVersion = "Xcode 3.2";
			developmentRegion = English;
			hasScannedForEncodings = 0;
			knownRegions = (
				en,
				Base,
			);
			mainGroup = 2306D0D31F4D603D0018057E;
			productRefGroup = 2306D0DD1F4D603D0018057E /* Products */;
			projectDirPath = "";
			projectRoot = "";
			targets = (
				2306D0DB1F4D603D0018057E /* ShareExtensions */,
				2306D0EF1F4D603D0018057E /* ShareExtensionsTests */,
				2306D0FA1F4D603D0018057E /* ShareExtensionsUITests */,
				2306D1181F4DA8270018057E /* Share */,
			);
		};
/* End PBXProject section */

/* Begin PBXResourcesBuildPhase section */
		2306D0DA1F4D603D0018057E /* Resources */ = {
			isa = PBXResourcesBuildPhase;
			buildActionMask = 2147483647;
			files = (
				2306D0EA1F4D603D0018057E /* LaunchScreen.storyboard in Resources */,
				2306D0E71F4D603D0018057E /* Assets.xcassets in Resources */,
				2306D0E51F4D603D0018057E /* Main.storyboard in Resources */,
			);
			runOnlyForDeploymentPostprocessing = 0;
		};
		2306D0EE1F4D603D0018057E /* Resources */ = {
			isa = PBXResourcesBuildPhase;
			buildActionMask = 2147483647;
			files = (
			);
			runOnlyForDeploymentPostprocessing = 0;
		};
		2306D0F91F4D603D0018057E /* Resources */ = {
			isa = PBXResourcesBuildPhase;
			buildActionMask = 2147483647;
			files = (
			);
			runOnlyForDeploymentPostprocessing = 0;
		};
		2306D1171F4DA8270018057E /* Resources */ = {
			isa = PBXResourcesBuildPhase;
			buildActionMask = 2147483647;
			files = (
				2306D11F1F4DA8280018057E /* MainInterface.storyboard in Resources */,
			);
			runOnlyForDeploymentPostprocessing = 0;
		};
/* End PBXResourcesBuildPhase section */

/* Begin PBXSourcesBuildPhase section */
		2306D0D81F4D603D0018057E /* Sources */ = {
			isa = PBXSourcesBuildPhase;
			buildActionMask = 2147483647;
			files = (
				2306D0E21F4D603D0018057E /* ViewController.swift in Sources */,
				2306D1141F4DA5F60018057E /* ShowUrlViewController.swift in Sources */,
				2306D10F1F4D60CA0018057E /* ShowImageViewController.swift in Sources */,
				2306D12C1F4EE4530018057E /* MainTableViewController.swift in Sources */,
				2306D0E01F4D603D0018057E /* AppDelegate.swift in Sources */,
			);
			runOnlyForDeploymentPostprocessing = 0;
		};
		2306D0EC1F4D603D0018057E /* Sources */ = {
			isa = PBXSourcesBuildPhase;
			buildActionMask = 2147483647;
			files = (
				2306D0F51F4D603D0018057E /* ShareExtensionsTests.swift in Sources */,
			);
			runOnlyForDeploymentPostprocessing = 0;
		};
		2306D0F71F4D603D0018057E /* Sources */ = {
			isa = PBXSourcesBuildPhase;
			buildActionMask = 2147483647;
			files = (
				2306D1001F4D603D0018057E /* ShareExtensionsUITests.swift in Sources */,
			);
			runOnlyForDeploymentPostprocessing = 0;
		};
		2306D1151F4DA8270018057E /* Sources */ = {
			isa = PBXSourcesBuildPhase;
			buildActionMask = 2147483647;
			files = (
				2306D11C1F4DA8280018057E /* ShareViewController.swift in Sources */,
			);
			runOnlyForDeploymentPostprocessing = 0;
		};
/* End PBXSourcesBuildPhase section */

/* Begin PBXTargetDependency section */
		2306D0F21F4D603D0018057E /* PBXTargetDependency */ = {
			isa = PBXTargetDependency;
			target = 2306D0DB1F4D603D0018057E /* ShareExtensions */;
			targetProxy = 2306D0F11F4D603D0018057E /* PBXContainerItemProxy */;
		};
		2306D0FD1F4D603D0018057E /* PBXTargetDependency */ = {
			isa = PBXTargetDependency;
			target = 2306D0DB1F4D603D0018057E /* ShareExtensions */;
			targetProxy = 2306D0FC1F4D603D0018057E /* PBXContainerItemProxy */;
		};
		2306D1221F4DA8280018057E /* PBXTargetDependency */ = {
			isa = PBXTargetDependency;
			target = 2306D1181F4DA8270018057E /* Share */;
			targetProxy = 2306D1211F4DA8280018057E /* PBXContainerItemProxy */;
		};
/* End PBXTargetDependency section */

/* Begin PBXVariantGroup section */
		2306D0E31F4D603D0018057E /* Main.storyboard */ = {
			isa = PBXVariantGroup;
			children = (
				2306D0E41F4D603D0018057E /* Base */,
			);
			name = Main.storyboard;
			sourceTree = "<group>";
		};
		2306D0E81F4D603D0018057E /* LaunchScreen.storyboard */ = {
			isa = PBXVariantGroup;
			children = (
				2306D0E91F4D603D0018057E /* Base */,
			);
			name = LaunchScreen.storyboard;
			sourceTree = "<group>";
		};
		2306D11D1F4DA8280018057E /* MainInterface.storyboard */ = {
			isa = PBXVariantGroup;
			children = (
				2306D11E1F4DA8280018057E /* Base */,
			);
			name = MainInterface.storyboard;
			sourceTree = "<group>";
		};
/* End PBXVariantGroup section */

/* Begin XCBuildConfiguration section */
		2306D1021F4D603D0018057E /* Debug */ = {
			isa = XCBuildConfiguration;
			buildSettings = {
				ALWAYS_SEARCH_USER_PATHS = NO;
				CLANG_ANALYZER_NONNULL = YES;
				CLANG_ANALYZER_NUMBER_OBJECT_CONVERSION = YES_AGGRESSIVE;
				CLANG_CXX_LANGUAGE_STANDARD = "gnu++0x";
				CLANG_CXX_LIBRARY = "libc++";
				CLANG_ENABLE_MODULES = YES;
				CLANG_ENABLE_OBJC_ARC = YES;
				CLANG_WARN_BOOL_CONVERSION = YES;
				CLANG_WARN_CONSTANT_CONVERSION = YES;
				CLANG_WARN_DIRECT_OBJC_ISA_USAGE = YES_ERROR;
				CLANG_WARN_DOCUMENTATION_COMMENTS = YES;
				CLANG_WARN_EMPTY_BODY = YES;
				CLANG_WARN_ENUM_CONVERSION = YES;
				CLANG_WARN_INFINITE_RECURSION = YES;
				CLANG_WARN_INT_CONVERSION = YES;
				CLANG_WARN_OBJC_ROOT_CLASS = YES_ERROR;
				CLANG_WARN_SUSPICIOUS_MOVE = YES;
				CLANG_WARN_UNREACHABLE_CODE = YES;
				CLANG_WARN__DUPLICATE_METHOD_MATCH = YES;
				"CODE_SIGN_IDENTITY[sdk=iphoneos*]" = "iPhone Developer";
				COPY_PHASE_STRIP = NO;
				DEBUG_INFORMATION_FORMAT = dwarf;
				ENABLE_STRICT_OBJC_MSGSEND = YES;
				ENABLE_TESTABILITY = YES;
				GCC_C_LANGUAGE_STANDARD = gnu99;
				GCC_DYNAMIC_NO_PIC = NO;
				GCC_NO_COMMON_BLOCKS = YES;
				GCC_OPTIMIZATION_LEVEL = 0;
				GCC_PREPROCESSOR_DEFINITIONS = (
					"DEBUG=1",
					"$(inherited)",
				);
				GCC_WARN_64_TO_32_BIT_CONVERSION = YES;
				GCC_WARN_ABOUT_RETURN_TYPE = YES_ERROR;
				GCC_WARN_UNDECLARED_SELECTOR = YES;
				GCC_WARN_UNINITIALIZED_AUTOS = YES_AGGRESSIVE;
				GCC_WARN_UNUSED_FUNCTION = YES;
				GCC_WARN_UNUSED_VARIABLE = YES;
				IPHONEOS_DEPLOYMENT_TARGET = 10.3;
				MTL_ENABLE_DEBUG_INFO = YES;
				ONLY_ACTIVE_ARCH = YES;
				SDKROOT = iphoneos;
				SWIFT_ACTIVE_COMPILATION_CONDITIONS = DEBUG;
				SWIFT_OPTIMIZATION_LEVEL = "-Onone";
			};
			name = Debug;
		};
		2306D1031F4D603D0018057E /* Release */ = {
			isa = XCBuildConfiguration;
			buildSettings = {
				ALWAYS_SEARCH_USER_PATHS = NO;
				CLANG_ANALYZER_NONNULL = YES;
				CLANG_ANALYZER_NUMBER_OBJECT_CONVERSION = YES_AGGRESSIVE;
				CLANG_CXX_LANGUAGE_STANDARD = "gnu++0x";
				CLANG_CXX_LIBRARY = "libc++";
				CLANG_ENABLE_MODULES = YES;
				CLANG_ENABLE_OBJC_ARC = YES;
				CLANG_WARN_BOOL_CONVERSION = YES;
				CLANG_WARN_CONSTANT_CONVERSION = YES;
				CLANG_WARN_DIRECT_OBJC_ISA_USAGE = YES_ERROR;
				CLANG_WARN_DOCUMENTATION_COMMENTS = YES;
				CLANG_WARN_EMPTY_BODY = YES;
				CLANG_WARN_ENUM_CONVERSION = YES;
				CLANG_WARN_INFINITE_RECURSION = YES;
				CLANG_WARN_INT_CONVERSION = YES;
				CLANG_WARN_OBJC_ROOT_CLASS = YES_ERROR;
				CLANG_WARN_SUSPICIOUS_MOVE = YES;
				CLANG_WARN_UNREACHABLE_CODE = YES;
				CLANG_WARN__DUPLICATE_METHOD_MATCH = YES;
				"CODE_SIGN_IDENTITY[sdk=iphoneos*]" = "iPhone Developer";
				COPY_PHASE_STRIP = NO;
				DEBUG_INFORMATION_FORMAT = "dwarf-with-dsym";
				ENABLE_NS_ASSERTIONS = NO;
				ENABLE_STRICT_OBJC_MSGSEND = YES;
				GCC_C_LANGUAGE_STANDARD = gnu99;
				GCC_NO_COMMON_BLOCKS = YES;
				GCC_WARN_64_TO_32_BIT_CONVERSION = YES;
				GCC_WARN_ABOUT_RETURN_TYPE = YES_ERROR;
				GCC_WARN_UNDECLARED_SELECTOR = YES;
				GCC_WARN_UNINITIALIZED_AUTOS = YES_AGGRESSIVE;
				GCC_WARN_UNUSED_FUNCTION = YES;
				GCC_WARN_UNUSED_VARIABLE = YES;
				IPHONEOS_DEPLOYMENT_TARGET = 10.3;
				MTL_ENABLE_DEBUG_INFO = NO;
				SDKROOT = iphoneos;
				SWIFT_OPTIMIZATION_LEVEL = "-Owholemodule";
				VALIDATE_PRODUCT = YES;
			};
			name = Release;
		};
		2306D1051F4D603D0018057E /* Debug */ = {
			isa = XCBuildConfiguration;
			buildSettings = {
				ALWAYS_EMBED_SWIFT_STANDARD_LIBRARIES = YES;
				ASSETCATALOG_COMPILER_APPICON_NAME = AppIcon;
				CODE_SIGN_ENTITLEMENTS = ShareExtensions/ShareExtensions.entitlements;
				DEVELOPMENT_TEAM = KM6P947ZT3;
				INFOPLIST_FILE = ShareExtensions/Info.plist;
				LD_RUNPATH_SEARCH_PATHS = "$(inherited) @executable_path/Frameworks";
				PRODUCT_BUNDLE_IDENTIFIER = com.owen.ShareExtensions;
				PRODUCT_NAME = "$(TARGET_NAME)";
				SWIFT_VERSION = 3.0;
			};
			name = Debug;
		};
		2306D1061F4D603D0018057E /* Release */ = {
			isa = XCBuildConfiguration;
			buildSettings = {
				ALWAYS_EMBED_SWIFT_STANDARD_LIBRARIES = YES;
				ASSETCATALOG_COMPILER_APPICON_NAME = AppIcon;
				CODE_SIGN_ENTITLEMENTS = ShareExtensions/ShareExtensions.entitlements;
				DEVELOPMENT_TEAM = KM6P947ZT3;
				INFOPLIST_FILE = ShareExtensions/Info.plist;
				LD_RUNPATH_SEARCH_PATHS = "$(inherited) @executable_path/Frameworks";
				PRODUCT_BUNDLE_IDENTIFIER = com.owen.ShareExtensions;
				PRODUCT_NAME = "$(TARGET_NAME)";
				SWIFT_VERSION = 3.0;
			};
			name = Release;
		};
		2306D1081F4D603D0018057E /* Debug */ = {
			isa = XCBuildConfiguration;
			buildSettings = {
				ALWAYS_EMBED_SWIFT_STANDARD_LIBRARIES = YES;
				BUNDLE_LOADER = "$(TEST_HOST)";
				DEVELOPMENT_TEAM = KM6P947ZT3;
				INFOPLIST_FILE = ShareExtensionsTests/Info.plist;
				LD_RUNPATH_SEARCH_PATHS = "$(inherited) @executable_path/Frameworks @loader_path/Frameworks";
				PRODUCT_BUNDLE_IDENTIFIER = com.owen.ShareExtensionsTests;
				PRODUCT_NAME = "$(TARGET_NAME)";
				SWIFT_VERSION = 3.0;
				TEST_HOST = "$(BUILT_PRODUCTS_DIR)/ShareExtensions.app/ShareExtensions";
			};
			name = Debug;
		};
		2306D1091F4D603D0018057E /* Release */ = {
			isa = XCBuildConfiguration;
			buildSettings = {
				ALWAYS_EMBED_SWIFT_STANDARD_LIBRARIES = YES;
				BUNDLE_LOADER = "$(TEST_HOST)";
				DEVELOPMENT_TEAM = KM6P947ZT3;
				INFOPLIST_FILE = ShareExtensionsTests/Info.plist;
				LD_RUNPATH_SEARCH_PATHS = "$(inherited) @executable_path/Frameworks @loader_path/Frameworks";
				PRODUCT_BUNDLE_IDENTIFIER = com.owen.ShareExtensionsTests;
				PRODUCT_NAME = "$(TARGET_NAME)";
				SWIFT_VERSION = 3.0;
				TEST_HOST = "$(BUILT_PRODUCTS_DIR)/ShareExtensions.app/ShareExtensions";
			};
			name = Release;
		};
		2306D10B1F4D603D0018057E /* Debug */ = {
			isa = XCBuildConfiguration;
			buildSettings = {
				ALWAYS_EMBED_SWIFT_STANDARD_LIBRARIES = YES;
				DEVELOPMENT_TEAM = KM6P947ZT3;
				INFOPLIST_FILE = ShareExtensionsUITests/Info.plist;
				LD_RUNPATH_SEARCH_PATHS = "$(inherited) @executable_path/Frameworks @loader_path/Frameworks";
				PRODUCT_BUNDLE_IDENTIFIER = com.owen.ShareExtensionsUITests;
				PRODUCT_NAME = "$(TARGET_NAME)";
				SWIFT_VERSION = 3.0;
				TEST_TARGET_NAME = ShareExtensions;
			};
			name = Debug;
		};
		2306D10C1F4D603D0018057E /* Release */ = {
			isa = XCBuildConfiguration;
			buildSettings = {
				ALWAYS_EMBED_SWIFT_STANDARD_LIBRARIES = YES;
				DEVELOPMENT_TEAM = KM6P947ZT3;
				INFOPLIST_FILE = ShareExtensionsUITests/Info.plist;
				LD_RUNPATH_SEARCH_PATHS = "$(inherited) @executable_path/Frameworks @loader_path/Frameworks";
				PRODUCT_BUNDLE_IDENTIFIER = com.owen.ShareExtensionsUITests;
				PRODUCT_NAME = "$(TARGET_NAME)";
				SWIFT_VERSION = 3.0;
				TEST_TARGET_NAME = ShareExtensions;
			};
			name = Release;
		};
		2306D1251F4DA8280018057E /* Debug */ = {
			isa = XCBuildConfiguration;
			buildSettings = {
				CODE_SIGN_ENTITLEMENTS = Share/Share.entitlements;
				DEVELOPMENT_TEAM = KM6P947ZT3;
				INFOPLIST_FILE = Share/Info.plist;
				LD_RUNPATH_SEARCH_PATHS = "$(inherited) @executable_path/Frameworks @executable_path/../../Frameworks";
				PRODUCT_BUNDLE_IDENTIFIER = com.owen.ShareExtensions.Share;
				PRODUCT_NAME = "$(TARGET_NAME)";
				SKIP_INSTALL = YES;
				SWIFT_VERSION = 3.0;
			};
			name = Debug;
		};
		2306D1261F4DA8280018057E /* Release */ = {
			isa = XCBuildConfiguration;
			buildSettings = {
				CODE_SIGN_ENTITLEMENTS = Share/Share.entitlements;
				DEVELOPMENT_TEAM = KM6P947ZT3;
				INFOPLIST_FILE = Share/Info.plist;
				LD_RUNPATH_SEARCH_PATHS = "$(inherited) @executable_path/Frameworks @executable_path/../../Frameworks";
				PRODUCT_BUNDLE_IDENTIFIER = com.owen.ShareExtensions.Share;
				PRODUCT_NAME = "$(TARGET_NAME)";
				SKIP_INSTALL = YES;
				SWIFT_VERSION = 3.0;
			};
			name = Release;
		};
/* End XCBuildConfiguration section */

/* Begin XCConfigurationList section */
		2306D0D71F4D603D0018057E /* Build configuration list for PBXProject "ShareExtensions" */ = {
			isa = XCConfigurationList;
			buildConfigurations = (
				2306D1021F4D603D0018057E /* Debug */,
				2306D1031F4D603D0018057E /* Release */,
			);
			defaultConfigurationIsVisible = 0;
			defaultConfigurationName = Release;
		};
		2306D1041F4D603D0018057E /* Build configuration list for PBXNativeTarget "ShareExtensions" */ = {
			isa = XCConfigurationList;
			buildConfigurations = (
				2306D1051F4D603D0018057E /* Debug */,
				2306D1061F4D603D0018057E /* Release */,
			);
			defaultConfigurationIsVisible = 0;
			defaultConfigurationName = Release;
		};
		2306D1071F4D603D0018057E /* Build configuration list for PBXNativeTarget "ShareExtensionsTests" */ = {
			isa = XCConfigurationList;
			buildConfigurations = (
				2306D1081F4D603D0018057E /* Debug */,
				2306D1091F4D603D0018057E /* Release */,
			);
			defaultConfigurationIsVisible = 0;
			defaultConfigurationName = Release;
		};
		2306D10A1F4D603D0018057E /* Build configuration list for PBXNativeTarget "ShareExtensionsUITests" */ = {
			isa = XCConfigurationList;
			buildConfigurations = (
				2306D10B1F4D603D0018057E /* Debug */,
				2306D10C1F4D603D0018057E /* Release */,
			);
			defaultConfigurationIsVisible = 0;
			defaultConfigurationName = Release;
		};
		2306D1241F4DA8280018057E /* Build configuration list for PBXNativeTarget "Share" */ = {
			isa = XCConfigurationList;
			buildConfigurations = (
				2306D1251F4DA8280018057E /* Debug */,
				2306D1261F4DA8280018057E /* Release */,
			);
			defaultConfigurationIsVisible = 0;
			defaultConfigurationName = Release;
		};
/* End XCConfigurationList section */
	};
	rootObject = 2306D0D41F4D603D0018057E /* Project object */;
}
